
Microsoft Visual Studio Solution File, Format Version 12.00
# Visual Studio Version 16
VisualStudioVersion = 16.0.30907.101
MinimumVisualStudioVersion = 10.0.40219.1
Project("{FAE04EC0-301F-11D3-BF4B-00C04F79EFBC}") = "Csharp_2021_Dateikonverter", "Csharp_2021_Dateikonverter\Csharp_2021_Dateikonverter.csproj", "{44CBCC79-19D7-415A-B1EC-BFD470DEB953}"
EndProject
Global
	GlobalSection(SolutionConfigurationPlatforms) = preSolution
		Debug|Any CPU = Debug|Any CPU
		Release|Any CPU = Release|Any CPU
	EndGlobalSection
	GlobalSection(ProjectConfigurationPlatforms) = postSolution
		{44CBCC79-19D7-415A-B1EC-BFD470DEB953}.Debug|Any CPU.ActiveCfg = Debug|Any CPU
		{44CBCC79-19D7-415A-B1EC-BFD470DEB953}.Debug|Any CPU.Build.0 = Debug|Any CPU
		{44CBCC79-19D7-415A-B1EC-BFD470DEB953}.Release|Any CPU.ActiveCfg = Release|Any CPU
		{44CBCC79-19D7-415A-B1EC-BFD470DEB953}.Release|Any CPU.Build.0 = Release|Any CPU
	EndGlobalSection
	GlobalSection(SolutionProperties) = preSolution
		HideSolutionNode = FALSE
	EndGlobalSection
	GlobalSection(ExtensibilityGlobals) = postSolution
		SolutionGuid = {AA435F75-A9A6-4E1F-BEC3-C33C7D1EC799}
	EndGlobalSection
EndGlobal
